
Microsoft Visual Studio Solution File, Format Version 12.00
# Visual Studio Version 16
VisualStudioVersion = 16.0.30907.101
MinimumVisualStudioVersion = 10.0.40219.1
Project("{9A19103F-16F7-4668-BE54-9A1E7A4F7556}") = "App.Api", "App.Api\App.Api.csproj", "{D9E3E876-CD5D-4175-A8CF-2EFFCA06A6B2}"
EndProject
Project("{9A19103F-16F7-4668-BE54-9A1E7A4F7556}") = "App.Application", "App.Application\App.Application.csproj", "{0791F767-905F-4771-9C3A-E3BCFAF9B43D}"
EndProject
Project("{9A19103F-16F7-4668-BE54-9A1E7A4F7556}") = "App.Domain", "App.Domain\App.Domain.csproj", "{EC734193-D12D-48D3-8415-2CE917D0D8AD}"
EndProject
Project("{9A19103F-16F7-4668-BE54-9A1E7A4F7556}") = "App.Infrastructure", "App.Infrastructure\App.Infrastructure.csproj", "{9108E6E8-412A-4EB6-A823-24005B3A4249}"
EndProject
Global
	GlobalSection(SolutionConfigurationPlatforms) = preSolution
		Debug|Any CPU = Debug|Any CPU
		Release|Any CPU = Release|Any CPU
	EndGlobalSection
	GlobalSection(ProjectConfigurationPlatforms) = postSolution
		{D9E3E876-CD5D-4175-A8CF-2EFFCA06A6B2}.Debug|Any CPU.ActiveCfg = Debug|Any CPU
		{D9E3E876-CD5D-4175-A8CF-2EFFCA06A6B2}.Debug|Any CPU.Build.0 = Debug|Any CPU
		{D9E3E876-CD5D-4175-A8CF-2EFFCA06A6B2}.Release|Any CPU.ActiveCfg = Release|Any CPU
		{D9E3E876-CD5D-4175-A8CF-2EFFCA06A6B2}.Release|Any CPU.Build.0 = Release|Any CPU
		{0791F767-905F-4771-9C3A-E3BCFAF9B43D}.Debug|Any CPU.ActiveCfg = Debug|Any CPU
		{0791F767-905F-4771-9C3A-E3BCFAF9B43D}.Debug|Any CPU.Build.0 = Debug|Any CPU
		{0791F767-905F-4771-9C3A-E3BCFAF9B43D}.Release|Any CPU.ActiveCfg = Release|Any CPU
		{0791F767-905F-4771-9C3A-E3BCFAF9B43D}.Release|Any CPU.Build.0 = Release|Any CPU
		{EC734193-D12D-48D3-8415-2CE917D0D8AD}.Debug|Any CPU.ActiveCfg = Debug|Any CPU
		{EC734193-D12D-48D3-8415-2CE917D0D8AD}.Debug|Any CPU.Build.0 = Debug|Any CPU
		{EC734193-D12D-48D3-8415-2CE917D0D8AD}.Release|Any CPU.ActiveCfg = Release|Any CPU
		{EC734193-D12D-48D3-8415-2CE917D0D8AD}.Release|Any CPU.Build.0 = Release|Any CPU
		{9108E6E8-412A-4EB6-A823-24005B3A4249}.Debug|Any CPU.ActiveCfg = Debug|Any CPU
		{9108E6E8-412A-4EB6-A823-24005B3A4249}.Debug|Any CPU.Build.0 = Debug|Any CPU
		{9108E6E8-412A-4EB6-A823-24005B3A4249}.Release|Any CPU.ActiveCfg = Release|Any CPU
		{9108E6E8-412A-4EB6-A823-24005B3A4249}.Release|Any CPU.Build.0 = Release|Any CPU
	EndGlobalSection
	GlobalSection(SolutionProperties) = preSolution
		HideSolutionNode = FALSE
	EndGlobalSection
	GlobalSection(ExtensibilityGlobals) = postSolution
		SolutionGuid = {2D9C28E6-8267-491A-820C-5A2521FBC508}
	EndGlobalSection
EndGlobal
